
Microsoft Visual Studio Solution File, Format Version 12.00
# Visual Studio Version 17
VisualStudioVersion = 17.10.34928.147
MinimumVisualStudioVersion = 10.0.40219.1
Project("{FAE04EC0-301F-11D3-BF4B-00C04F79EFBC}") = "Practic08.11.2024", "Practic08.11.2024\Practic08.11.2024.csproj", "{E27B8283-2735-4CD9-89EE-A29772456DDA}"
EndProject
Global
	GlobalSection(SolutionConfigurationPlatforms) = preSolution
		Debug|Any CPU = Debug|Any CPU
		Release|Any CPU = Release|Any CPU
	EndGlobalSection
	GlobalSection(ProjectConfigurationPlatforms) = postSolution
		{E27B8283-2735-4CD9-89EE-A29772456DDA}.Debug|Any CPU.ActiveCfg = Debug|Any CPU
		{E27B8283-2735-4CD9-89EE-A29772456DDA}.Debug|Any CPU.Build.0 = Debug|Any CPU
		{E27B8283-2735-4CD9-89EE-A29772456DDA}.Release|Any CPU.ActiveCfg = Release|Any CPU
		{E27B8283-2735-4CD9-89EE-A29772456DDA}.Release|Any CPU.Build.0 = Release|Any CPU
	EndGlobalSection
	GlobalSection(SolutionProperties) = preSolution
		HideSolutionNode = FALSE
	EndGlobalSection
	GlobalSection(ExtensibilityGlobals) = postSolution
		SolutionGuid = {39930C13-62C8-400F-9854-234A0C26A37A}
	EndGlobalSection
EndGlobal
